<?xml version="1.0" encoding="utf-8"?>
<Project ToolsVersion="4.0" xmlns="http://schemas.microsoft.com/developer/msbuild/2003">
  <ItemGroup>
    <Filter Include="Source Files">
      <UniqueIdentifier>{4FC737F1-C7A5-4376-A066-2A32D752A2FF}</UniqueIdentifier>
      <Extensions>cpp;c;cc;cxx;c++;cppm;ixx;def;odl;idl;hpj;bat;asm;asmx</Extensions>
    </Filter>
    <Filter Include="Header Files">
      <UniqueIdentifier>{93995380-89BD-4b04-88EB-625FBE52EBFB}</UniqueIdentifier>
      <Extensions>h;hh;hpp;hxx;h++;hm;inl;inc;ipp;xsd</Extensions>
    </Filter>
    <Filter Include="Resource Files">
      <UniqueIdentifier>{67DA6AB6-F800-4c08-8B7A-83BB121AAD01}</UniqueIdentifier>
      <Extensions>rc;ico;cur;bmp;dlg;rc2;rct;bin;rgs;gif;jpg;jpeg;jpe;resx;tiff;tif;png;wav;mfcribbon-ms</Extensions>
    </Filter>
  </ItemGroup>
  <ItemGroup>
    <ClCompile Include="..\Aica.c">
      <Filter>Source Files</Filter>
    </ClCompile>
    <ClCompile Include="..\Arm.c">
      <Filter>Source Files</Filter>
    </ClCompile>
    <ClCompile Include="..\Asic.c">
      <Filter>Source Files</Filter>
    </ClCompile>
    <ClCompile Include="..\Cache.c">
      <Filter>Source Files</Filter>
    </ClCompile>
    <ClCompile Include="..\cmd.c">
      <Filter>Source Files</Filter>
    </ClCompile>
    <ClCompile Include="..\Counters.c">
      <Filter>Source Files</Filter>
    </ClCompile>
    <ClCompile Include="..\Crc32.c">
      <Filter>Source Files</Filter>
    </ClCompile>
    <ClCompile Include="..\debug.c">
      <Filter>Source Files</Filter>
    </ClCompile>
    <ClCompile Include="..\Demul.c">
      <Filter>Source Files</Filter>
    </ClCompile>
    <ClCompile Include="..\disasm.c">
      <Filter>Source Files</Filter>
    </ClCompile>
    <ClCompile Include="..\Dma.c">
      <Filter>Source Files</Filter>
    </ClCompile>
    <ClCompile Include="..\gaps.c">
      <Filter>Source Files</Filter>
    </ClCompile>
    <ClCompile Include="..\Gdrom.c">
      <Filter>Source Files</Filter>
    </ClCompile>
    <ClCompile Include="..\gpu.c">
      <Filter>Source Files</Filter>
    </ClCompile>
    <ClCompile Include="..\inifile.c">
      <Filter>Source Files</Filter>
    </ClCompile>
    <ClCompile Include="..\Interpreter.c">
      <Filter>Source Files</Filter>
    </ClCompile>
    <ClCompile Include="..\Maple.c">
      <Filter>Source Files</Filter>
    </ClCompile>
    <ClCompile Include="..\Memory.c">
      <Filter>Source Files</Filter>
    </ClCompile>
    <ClCompile Include="..\mmu.c">
      <Filter>Source Files</Filter>
    </ClCompile>
    <ClCompile Include="..\modem.c">
      <Filter>Source Files</Filter>
    </ClCompile>
    <ClCompile Include="..\OnChip.c">
      <Filter>Source Files</Filter>
    </ClCompile>
    <ClCompile Include="..\Backends.c">
      <Filter>Source Files</Filter>
    </ClCompile>
    <ClCompile Include="..\Rts.c">
      <Filter>Source Files</Filter>
    </ClCompile>
  </ItemGroup>
  <ItemGroup>
    <ClInclude Include="..\Aica.h">
      <Filter>Header Files</Filter>
    </ClInclude>
    <ClInclude Include="..\Arm.h">
      <Filter>Header Files</Filter>
    </ClInclude>
    <ClInclude Include="..\Asic.h">
      <Filter>Header Files</Filter>
    </ClInclude>
    <ClInclude Include="..\Cache.h">
      <Filter>Header Files</Filter>
    </ClInclude>
    <ClInclude Include="..\Counters.h">
      <Filter>Header Files</Filter>
    </ClInclude>
    <ClInclude Include="..\Crc32.h">
      <Filter>Header Files</Filter>
    </ClInclude>
    <ClInclude Include="..\debug.h">
      <Filter>Header Files</Filter>
    </ClInclude>
    <ClInclude Include="..\Demul.h">
      <Filter>Header Files</Filter>
    </ClInclude>
    <ClInclude Include="..\disasm.h">
      <Filter>Header Files</Filter>
    </ClInclude>
    <ClInclude Include="..\gaps.h">
      <Filter>Header Files</Filter>
    </ClInclude>
    <ClInclude Include="..\Gdrom.h">
      <Filter>Header Files</Filter>
    </ClInclude>
    <ClInclude Include="..\gpu.h">
      <Filter>Header Files</Filter>
    </ClInclude>
    <ClInclude Include="..\inifile.h">
      <Filter>Header Files</Filter>
    </ClInclude>
    <ClInclude Include="..\Interpreter.h">
      <Filter>Header Files</Filter>
    </ClInclude>
    <ClInclude Include="..\Maple.h">
      <Filter>Header Files</Filter>
    </ClInclude>
    <ClInclude Include="..\Memory.h">
      <Filter>Header Files</Filter>
    </ClInclude>
    <ClInclude Include="..\mmu.h">
      <Filter>Header Files</Filter>
    </ClInclude>
    <ClInclude Include="..\modem.h">
      <Filter>Header Files</Filter>
    </ClInclude>
    <ClInclude Include="..\OnChip.h">
      <Filter>Header Files</Filter>
    </ClInclude>
    <ClInclude Include="..\Backends.h">
      <Filter>Header Files</Filter>
    </ClInclude>
    <ClInclude Include="..\Rts.h">
      <Filter>Header Files</Filter>
    </ClInclude>
    <ClInclude Include="..\Sh4.h">
      <Filter>Header Files</Filter>
    </ClInclude>
    <ClInclude Include="..\types.h">
      <Filter>Header Files</Filter>
    </ClInclude>
  </ItemGroup>
</Project>