
Microsoft Visual Studio Solution File, Format Version 12.00
# Visual Studio Version 17
VisualStudioVersion = 17.10.34916.146
MinimumVisualStudioVersion = 10.0.40219.1
Project("{8BC9CEB8-8B4A-11D0-8D11-00A0C91BC942}") = "Demul", "Demul.vcxproj", "{809074E5-F601-4F61-AD26-E533DE71E834}"
EndProject
Project("{2150E333-8FDC-42A3-9474-1A3956D46DE8}") = "Demul Components", "Demul Components", "{845BF6B9-08C1-419B-A284-85666402B59B}"
EndProject
Project("{8BC9CEB8-8B4A-11D0-8D11-00A0C91BC942}") = "Core", "Core.vcxproj", "{11F0557C-44B7-43E0-B9F1-15F1D7FDF160}"
EndProject
Project("{8BC9CEB8-8B4A-11D0-8D11-00A0C91BC942}") = "gdrDemul", "gdrDemul.vcxproj", "{8FC1572B-C493-4D86-9248-E7D0337C5AEF}"
EndProject
Project("{8BC9CEB8-8B4A-11D0-8D11-00A0C91BC942}") = "DynarecX86", "DynarecX86.vcxproj", "{E51C3991-FBF5-4E80-A280-CC45ACEDEE95}"
EndProject
Project("{8BC9CEB8-8B4A-11D0-8D11-00A0C91BC942}") = "gpuDemul", "gpuDemul.vcxproj", "{AA95CB3B-206B-4D9C-B505-CEDB63DBF569}"
EndProject
Project("{8BC9CEB8-8B4A-11D0-8D11-00A0C91BC942}") = "padDemul", "padDemul.vcxproj", "{551C0F7E-4B39-4F7F-8B61-703AF3E0C4E2}"
EndProject
Project("{8BC9CEB8-8B4A-11D0-8D11-00A0C91BC942}") = "spuDemul", "spuDemul.vcxproj", "{1EFE7F60-53F3-4AA0-A39F-772F7FAF86F1}"
EndProject
Project("{8BC9CEB8-8B4A-11D0-8D11-00A0C91BC942}") = "zlib", "zlib.vcxproj", "{00E94D5B-A8E9-4B9B-A379-AC96BBA45FF9}"
EndProject
Global
	GlobalSection(SolutionConfigurationPlatforms) = preSolution
		Debug|x64 = Debug|x64
		Debug|x86 = Debug|x86
		Release|x64 = Release|x64
		Release|x86 = Release|x86
	EndGlobalSection
	GlobalSection(ProjectConfigurationPlatforms) = postSolution
		{809074E5-F601-4F61-AD26-E533DE71E834}.Debug|x64.ActiveCfg = Debug|x64
		{809074E5-F601-4F61-AD26-E533DE71E834}.Debug|x64.Build.0 = Debug|x64
		{809074E5-F601-4F61-AD26-E533DE71E834}.Debug|x86.ActiveCfg = Debug|Win32
		{809074E5-F601-4F61-AD26-E533DE71E834}.Debug|x86.Build.0 = Debug|Win32
		{809074E5-F601-4F61-AD26-E533DE71E834}.Release|x64.ActiveCfg = Release|x64
		{809074E5-F601-4F61-AD26-E533DE71E834}.Release|x64.Build.0 = Release|x64
		{809074E5-F601-4F61-AD26-E533DE71E834}.Release|x86.ActiveCfg = Release|Win32
		{809074E5-F601-4F61-AD26-E533DE71E834}.Release|x86.Build.0 = Release|Win32
		{11F0557C-44B7-43E0-B9F1-15F1D7FDF160}.Debug|x64.ActiveCfg = Debug|x64
		{11F0557C-44B7-43E0-B9F1-15F1D7FDF160}.Debug|x64.Build.0 = Debug|x64
		{11F0557C-44B7-43E0-B9F1-15F1D7FDF160}.Debug|x86.ActiveCfg = Debug|Win32
		{11F0557C-44B7-43E0-B9F1-15F1D7FDF160}.Debug|x86.Build.0 = Debug|Win32
		{11F0557C-44B7-43E0-B9F1-15F1D7FDF160}.Release|x64.ActiveCfg = Release|x64
		{11F0557C-44B7-43E0-B9F1-15F1D7FDF160}.Release|x64.Build.0 = Release|x64
		{11F0557C-44B7-43E0-B9F1-15F1D7FDF160}.Release|x86.ActiveCfg = Release|Win32
		{11F0557C-44B7-43E0-B9F1-15F1D7FDF160}.Release|x86.Build.0 = Release|Win32
		{8FC1572B-C493-4D86-9248-E7D0337C5AEF}.Debug|x64.ActiveCfg = Debug|x64
		{8FC1572B-C493-4D86-9248-E7D0337C5AEF}.Debug|x64.Build.0 = Debug|x64
		{8FC1572B-C493-4D86-9248-E7D0337C5AEF}.Debug|x86.ActiveCfg = Debug|Win32
		{8FC1572B-C493-4D86-9248-E7D0337C5AEF}.Debug|x86.Build.0 = Debug|Win32
		{8FC1572B-C493-4D86-9248-E7D0337C5AEF}.Release|x64.ActiveCfg = Release|x64
		{8FC1572B-C493-4D86-9248-E7D0337C5AEF}.Release|x64.Build.0 = Release|x64
		{8FC1572B-C493-4D86-9248-E7D0337C5AEF}.Release|x86.ActiveCfg = Release|Win32
		{8FC1572B-C493-4D86-9248-E7D0337C5AEF}.Release|x86.Build.0 = Release|Win32
		{E51C3991-FBF5-4E80-A280-CC45ACEDEE95}.Debug|x64.ActiveCfg = Debug|x64
		{E51C3991-FBF5-4E80-A280-CC45ACEDEE95}.Debug|x64.Build.0 = Debug|x64
		{E51C3991-FBF5-4E80-A280-CC45ACEDEE95}.Debug|x86.ActiveCfg = Debug|Win32
		{E51C3991-FBF5-4E80-A280-CC45ACEDEE95}.Debug|x86.Build.0 = Debug|Win32
		{E51C3991-FBF5-4E80-A280-CC45ACEDEE95}.Release|x64.ActiveCfg = Release|x64
		{E51C3991-FBF5-4E80-A280-CC45ACEDEE95}.Release|x64.Build.0 = Release|x64
		{E51C3991-FBF5-4E80-A280-CC45ACEDEE95}.Release|x86.ActiveCfg = Release|Win32
		{E51C3991-FBF5-4E80-A280-CC45ACEDEE95}.Release|x86.Build.0 = Release|Win32
		{AA95CB3B-206B-4D9C-B505-CEDB63DBF569}.Debug|x64.ActiveCfg = Debug|x64
		{AA95CB3B-206B-4D9C-B505-CEDB63DBF569}.Debug|x64.Build.0 = Debug|x64
		{AA95CB3B-206B-4D9C-B505-CEDB63DBF569}.Debug|x86.ActiveCfg = Debug|Win32
		{AA95CB3B-206B-4D9C-B505-CEDB63DBF569}.Debug|x86.Build.0 = Debug|Win32
		{AA95CB3B-206B-4D9C-B505-CEDB63DBF569}.Release|x64.ActiveCfg = Release|x64
		{AA95CB3B-206B-4D9C-B505-CEDB63DBF569}.Release|x64.Build.0 = Release|x64
		{AA95CB3B-206B-4D9C-B505-CEDB63DBF569}.Release|x86.ActiveCfg = Release|Win32
		{AA95CB3B-206B-4D9C-B505-CEDB63DBF569}.Release|x86.Build.0 = Release|Win32
		{551C0F7E-4B39-4F7F-8B61-703AF3E0C4E2}.Debug|x64.ActiveCfg = Debug|x64
		{551C0F7E-4B39-4F7F-8B61-703AF3E0C4E2}.Debug|x64.Build.0 = Debug|x64
		{551C0F7E-4B39-4F7F-8B61-703AF3E0C4E2}.Debug|x86.ActiveCfg = Debug|Win32
		{551C0F7E-4B39-4F7F-8B61-703AF3E0C4E2}.Debug|x86.Build.0 = Debug|Win32
		{551C0F7E-4B39-4F7F-8B61-703AF3E0C4E2}.Release|x64.ActiveCfg = Release|x64
		{551C0F7E-4B39-4F7F-8B61-703AF3E0C4E2}.Release|x64.Build.0 = Release|x64
		{551C0F7E-4B39-4F7F-8B61-703AF3E0C4E2}.Release|x86.ActiveCfg = Release|Win32
		{551C0F7E-4B39-4F7F-8B61-703AF3E0C4E2}.Release|x86.Build.0 = Release|Win32
		{1EFE7F60-53F3-4AA0-A39F-772F7FAF86F1}.Debug|x64.ActiveCfg = Debug|x64
		{1EFE7F60-53F3-4AA0-A39F-772F7FAF86F1}.Debug|x64.Build.0 = Debug|x64
		{1EFE7F60-53F3-4AA0-A39F-772F7FAF86F1}.Debug|x86.ActiveCfg = Debug|Win32
		{1EFE7F60-53F3-4AA0-A39F-772F7FAF86F1}.Debug|x86.Build.0 = Debug|Win32
		{1EFE7F60-53F3-4AA0-A39F-772F7FAF86F1}.Release|x64.ActiveCfg = Release|x64
		{1EFE7F60-53F3-4AA0-A39F-772F7FAF86F1}.Release|x64.Build.0 = Release|x64
		{1EFE7F60-53F3-4AA0-A39F-772F7FAF86F1}.Release|x86.ActiveCfg = Release|Win32
		{1EFE7F60-53F3-4AA0-A39F-772F7FAF86F1}.Release|x86.Build.0 = Release|Win32
		{00E94D5B-A8E9-4B9B-A379-AC96BBA45FF9}.Debug|x64.ActiveCfg = Debug|x64
		{00E94D5B-A8E9-4B9B-A379-AC96BBA45FF9}.Debug|x64.Build.0 = Debug|x64
		{00E94D5B-A8E9-4B9B-A379-AC96BBA45FF9}.Debug|x86.ActiveCfg = Debug|Win32
		{00E94D5B-A8E9-4B9B-A379-AC96BBA45FF9}.Debug|x86.Build.0 = Debug|Win32
		{00E94D5B-A8E9-4B9B-A379-AC96BBA45FF9}.Release|x64.ActiveCfg = Release|x64
		{00E94D5B-A8E9-4B9B-A379-AC96BBA45FF9}.Release|x64.Build.0 = Release|x64
		{00E94D5B-A8E9-4B9B-A379-AC96BBA45FF9}.Release|x86.ActiveCfg = Release|Win32
		{00E94D5B-A8E9-4B9B-A379-AC96BBA45FF9}.Release|x86.Build.0 = Release|Win32
	EndGlobalSection
	GlobalSection(SolutionProperties) = preSolution
		HideSolutionNode = FALSE
	EndGlobalSection
	GlobalSection(NestedProjects) = preSolution
		{11F0557C-44B7-43E0-B9F1-15F1D7FDF160} = {845BF6B9-08C1-419B-A284-85666402B59B}
		{8FC1572B-C493-4D86-9248-E7D0337C5AEF} = {845BF6B9-08C1-419B-A284-85666402B59B}
		{E51C3991-FBF5-4E80-A280-CC45ACEDEE95} = {845BF6B9-08C1-419B-A284-85666402B59B}
		{AA95CB3B-206B-4D9C-B505-CEDB63DBF569} = {845BF6B9-08C1-419B-A284-85666402B59B}
		{551C0F7E-4B39-4F7F-8B61-703AF3E0C4E2} = {845BF6B9-08C1-419B-A284-85666402B59B}
		{1EFE7F60-53F3-4AA0-A39F-772F7FAF86F1} = {845BF6B9-08C1-419B-A284-85666402B59B}
		{00E94D5B-A8E9-4B9B-A379-AC96BBA45FF9} = {845BF6B9-08C1-419B-A284-85666402B59B}
	EndGlobalSection
	GlobalSection(ExtensibilityGlobals) = postSolution
		SolutionGuid = {0D7327AB-CFF2-47DF-8EE3-C339E6331490}
	EndGlobalSection
EndGlobal
